
Microsoft Visual Studio Solution File, Format Version 12.00
# Visual Studio 2013
VisualStudioVersion = 12.0.31101.0
MinimumVisualStudioVersion = 10.0.40219.1
Project("{FAE04EC0-301F-11D3-BF4B-00C04F79EFBC}") = "Library", "library\Library.csproj", "{408EFC7E-C6B0-4160-8628-2679E34385CE}"
EndProject
Project("{FAE04EC0-301F-11D3-BF4B-00C04F79EFBC}") = "gts", "gts\gts.csproj", "{2EEAF2A8-68B7-4DB5-8818-36285D5CF9B3}"
EndProject
Project("{FAE04EC0-301F-11D3-BF4B-00C04F79EFBC}") = "bvCrawler4", "bvCrawler4\bvCrawler4.csproj", "{04E4EB3B-166B-4D8B-86AA-2178F2A927D5}"
EndProject
Project("{FAE04EC0-301F-11D3-BF4B-00C04F79EFBC}") = "bvCrawler5", "bvCrawler5\bvCrawler5.csproj", "{BEA49E66-2204-4C10-8ED6-17F58018C2BD}"
EndProject
Project("{FAE04EC0-301F-11D3-BF4B-00C04F79EFBC}") = "GlobalTerminalService", "GlobalTerminalService\GlobalTerminalService.csproj", "{7AB1A65F-3AD1-4356-94E7-F1A669BF4CE0}"
EndProject
Project("{FAE04EC0-301F-11D3-BF4B-00C04F79EFBC}") = "bvRestorer4", "bvRestorer4\bvRestorer4.csproj", "{5174CBF0-2A5D-466B-BC32-CE53B9AC4EAF}"
EndProject
Project("{FAE04EC0-301F-11D3-BF4B-00C04F79EFBC}") = "bvRestorer5", "bvRestorer5\bvRestorer5.csproj", "{9F2A0A44-B90E-4B30-8DFF-2B5E273F5BEC}"
EndProject
Project("{FAE04EC0-301F-11D3-BF4B-00C04F79EFBC}") = "towerRestorer", "towerRestorer4\towerRestorer.csproj", "{750A0BFD-7258-4B32-A4F9-60EEEB0BA64A}"
EndProject
Project("{FAE04EC0-301F-11D3-BF4B-00C04F79EFBC}") = "GamestatsBase", "GamestatsBase\GamestatsBase\GamestatsBase.csproj", "{2D667F5B-F10D-44E2-93F6-DD555D9EE7DF}"
EndProject
Project("{FAE04EC0-301F-11D3-BF4B-00C04F79EFBC}") = "VeekunImport", "VeekunImport\VeekunImport.csproj", "{2A761C4F-00C2-45D5-B4CA-C41558CEB2DF}"
EndProject
Project("{FAE04EC0-301F-11D3-BF4B-00C04F79EFBC}") = "MakeBaseStatTables", "MakeBaseStatTables\MakeBaseStatTables.csproj", "{99FCBB1C-D94F-458D-ABD2-8800FBDC65DA}"
EndProject
Project("{FAE04EC0-301F-11D3-BF4B-00C04F79EFBC}") = "web", "web\web.csproj", "{3DE4D97F-57A8-4324-B5B8-164B45E2DF9A}"
EndProject
Global
	GlobalSection(SolutionConfigurationPlatforms) = preSolution
		Debug|Any CPU = Debug|Any CPU
		Debug|Mixed Platforms = Debug|Mixed Platforms
		Debug|x86 = Debug|x86
		Release|Any CPU = Release|Any CPU
		Release|Mixed Platforms = Release|Mixed Platforms
		Release|x86 = Release|x86
	EndGlobalSection
	GlobalSection(ProjectConfigurationPlatforms) = postSolution
		{408EFC7E-C6B0-4160-8628-2679E34385CE}.Debug|Any CPU.ActiveCfg = Debug|Any CPU
		{408EFC7E-C6B0-4160-8628-2679E34385CE}.Debug|Any CPU.Build.0 = Debug|Any CPU
		{408EFC7E-C6B0-4160-8628-2679E34385CE}.Debug|Mixed Platforms.ActiveCfg = Debug|Any CPU
		{408EFC7E-C6B0-4160-8628-2679E34385CE}.Debug|Mixed Platforms.Build.0 = Debug|Any CPU
		{408EFC7E-C6B0-4160-8628-2679E34385CE}.Debug|x86.ActiveCfg = Debug|Any CPU
		{408EFC7E-C6B0-4160-8628-2679E34385CE}.Release|Any CPU.ActiveCfg = Release|Any CPU
		{408EFC7E-C6B0-4160-8628-2679E34385CE}.Release|Any CPU.Build.0 = Release|Any CPU
		{408EFC7E-C6B0-4160-8628-2679E34385CE}.Release|Mixed Platforms.ActiveCfg = Release|Any CPU
		{408EFC7E-C6B0-4160-8628-2679E34385CE}.Release|Mixed Platforms.Build.0 = Release|Any CPU
		{408EFC7E-C6B0-4160-8628-2679E34385CE}.Release|x86.ActiveCfg = Release|Any CPU
		{2EEAF2A8-68B7-4DB5-8818-36285D5CF9B3}.Debug|Any CPU.ActiveCfg = Debug|Any CPU
		{2EEAF2A8-68B7-4DB5-8818-36285D5CF9B3}.Debug|Any CPU.Build.0 = Debug|Any CPU
		{2EEAF2A8-68B7-4DB5-8818-36285D5CF9B3}.Debug|Mixed Platforms.ActiveCfg = Debug|Any CPU
		{2EEAF2A8-68B7-4DB5-8818-36285D5CF9B3}.Debug|Mixed Platforms.Build.0 = Debug|Any CPU
		{2EEAF2A8-68B7-4DB5-8818-36285D5CF9B3}.Debug|x86.ActiveCfg = Debug|Any CPU
		{2EEAF2A8-68B7-4DB5-8818-36285D5CF9B3}.Release|Any CPU.ActiveCfg = Release|Any CPU
		{2EEAF2A8-68B7-4DB5-8818-36285D5CF9B3}.Release|Any CPU.Build.0 = Release|Any CPU
		{2EEAF2A8-68B7-4DB5-8818-36285D5CF9B3}.Release|Mixed Platforms.ActiveCfg = Release|Any CPU
		{2EEAF2A8-68B7-4DB5-8818-36285D5CF9B3}.Release|Mixed Platforms.Build.0 = Release|Any CPU
		{2EEAF2A8-68B7-4DB5-8818-36285D5CF9B3}.Release|x86.ActiveCfg = Release|Any CPU
		{04E4EB3B-166B-4D8B-86AA-2178F2A927D5}.Debug|Any CPU.ActiveCfg = Debug|x86
		{04E4EB3B-166B-4D8B-86AA-2178F2A927D5}.Debug|Mixed Platforms.ActiveCfg = Debug|x86
		{04E4EB3B-166B-4D8B-86AA-2178F2A927D5}.Debug|Mixed Platforms.Build.0 = Debug|x86
		{04E4EB3B-166B-4D8B-86AA-2178F2A927D5}.Debug|x86.ActiveCfg = Debug|x86
		{04E4EB3B-166B-4D8B-86AA-2178F2A927D5}.Debug|x86.Build.0 = Debug|x86
		{04E4EB3B-166B-4D8B-86AA-2178F2A927D5}.Release|Any CPU.ActiveCfg = Release|x86
		{04E4EB3B-166B-4D8B-86AA-2178F2A927D5}.Release|Mixed Platforms.ActiveCfg = Release|x86
		{04E4EB3B-166B-4D8B-86AA-2178F2A927D5}.Release|Mixed Platforms.Build.0 = Release|x86
		{04E4EB3B-166B-4D8B-86AA-2178F2A927D5}.Release|x86.ActiveCfg = Release|x86
		{04E4EB3B-166B-4D8B-86AA-2178F2A927D5}.Release|x86.Build.0 = Release|x86
		{BEA49E66-2204-4C10-8ED6-17F58018C2BD}.Debug|Any CPU.ActiveCfg = Debug|x86
		{BEA49E66-2204-4C10-8ED6-17F58018C2BD}.Debug|Mixed Platforms.ActiveCfg = Debug|x86
		{BEA49E66-2204-4C10-8ED6-17F58018C2BD}.Debug|Mixed Platforms.Build.0 = Debug|x86
		{BEA49E66-2204-4C10-8ED6-17F58018C2BD}.Debug|x86.ActiveCfg = Debug|x86
		{BEA49E66-2204-4C10-8ED6-17F58018C2BD}.Debug|x86.Build.0 = Debug|x86
		{BEA49E66-2204-4C10-8ED6-17F58018C2BD}.Release|Any CPU.ActiveCfg = Release|x86
		{BEA49E66-2204-4C10-8ED6-17F58018C2BD}.Release|Mixed Platforms.ActiveCfg = Release|x86
		{BEA49E66-2204-4C10-8ED6-17F58018C2BD}.Release|Mixed Platforms.Build.0 = Release|x86
		{BEA49E66-2204-4C10-8ED6-17F58018C2BD}.Release|x86.ActiveCfg = Release|x86
		{BEA49E66-2204-4C10-8ED6-17F58018C2BD}.Release|x86.Build.0 = Release|x86
		{7AB1A65F-3AD1-4356-94E7-F1A669BF4CE0}.Debug|Any CPU.ActiveCfg = Debug|x86
		{7AB1A65F-3AD1-4356-94E7-F1A669BF4CE0}.Debug|Mixed Platforms.ActiveCfg = Debug|x86
		{7AB1A65F-3AD1-4356-94E7-F1A669BF4CE0}.Debug|Mixed Platforms.Build.0 = Debug|x86
		{7AB1A65F-3AD1-4356-94E7-F1A669BF4CE0}.Debug|x86.ActiveCfg = Debug|x86
		{7AB1A65F-3AD1-4356-94E7-F1A669BF4CE0}.Debug|x86.Build.0 = Debug|x86
		{7AB1A65F-3AD1-4356-94E7-F1A669BF4CE0}.Release|Any CPU.ActiveCfg = Release|x86
		{7AB1A65F-3AD1-4356-94E7-F1A669BF4CE0}.Release|Mixed Platforms.ActiveCfg = Release|x86
		{7AB1A65F-3AD1-4356-94E7-F1A669BF4CE0}.Release|Mixed Platforms.Build.0 = Release|x86
		{7AB1A65F-3AD1-4356-94E7-F1A669BF4CE0}.Release|x86.ActiveCfg = Release|x86
		{7AB1A65F-3AD1-4356-94E7-F1A669BF4CE0}.Release|x86.Build.0 = Release|x86
		{5174CBF0-2A5D-466B-BC32-CE53B9AC4EAF}.Debug|Any CPU.ActiveCfg = Debug|x86
		{5174CBF0-2A5D-466B-BC32-CE53B9AC4EAF}.Debug|Mixed Platforms.ActiveCfg = Debug|x86
		{5174CBF0-2A5D-466B-BC32-CE53B9AC4EAF}.Debug|Mixed Platforms.Build.0 = Debug|x86
		{5174CBF0-2A5D-466B-BC32-CE53B9AC4EAF}.Debug|x86.ActiveCfg = Debug|x86
		{5174CBF0-2A5D-466B-BC32-CE53B9AC4EAF}.Debug|x86.Build.0 = Debug|x86
		{5174CBF0-2A5D-466B-BC32-CE53B9AC4EAF}.Release|Any CPU.ActiveCfg = Release|x86
		{5174CBF0-2A5D-466B-BC32-CE53B9AC4EAF}.Release|Mixed Platforms.ActiveCfg = Release|x86
		{5174CBF0-2A5D-466B-BC32-CE53B9AC4EAF}.Release|Mixed Platforms.Build.0 = Release|x86
		{5174CBF0-2A5D-466B-BC32-CE53B9AC4EAF}.Release|x86.ActiveCfg = Release|x86
		{5174CBF0-2A5D-466B-BC32-CE53B9AC4EAF}.Release|x86.Build.0 = Release|x86
		{9F2A0A44-B90E-4B30-8DFF-2B5E273F5BEC}.Debug|Any CPU.ActiveCfg = Debug|Any CPU
		{9F2A0A44-B90E-4B30-8DFF-2B5E273F5BEC}.Debug|Any CPU.Build.0 = Debug|Any CPU
		{9F2A0A44-B90E-4B30-8DFF-2B5E273F5BEC}.Debug|Mixed Platforms.ActiveCfg = Debug|Any CPU
		{9F2A0A44-B90E-4B30-8DFF-2B5E273F5BEC}.Debug|Mixed Platforms.Build.0 = Debug|Any CPU
		{9F2A0A44-B90E-4B30-8DFF-2B5E273F5BEC}.Debug|x86.ActiveCfg = Debug|Any CPU
		{9F2A0A44-B90E-4B30-8DFF-2B5E273F5BEC}.Release|Any CPU.ActiveCfg = Release|Any CPU
		{9F2A0A44-B90E-4B30-8DFF-2B5E273F5BEC}.Release|Any CPU.Build.0 = Release|Any CPU
		{9F2A0A44-B90E-4B30-8DFF-2B5E273F5BEC}.Release|Mixed Platforms.ActiveCfg = Release|Any CPU
		{9F2A0A44-B90E-4B30-8DFF-2B5E273F5BEC}.Release|Mixed Platforms.Build.0 = Release|Any CPU
		{9F2A0A44-B90E-4B30-8DFF-2B5E273F5BEC}.Release|x86.ActiveCfg = Release|Any CPU
		{750A0BFD-7258-4B32-A4F9-60EEEB0BA64A}.Debug|Any CPU.ActiveCfg = Debug|Any CPU
		{750A0BFD-7258-4B32-A4F9-60EEEB0BA64A}.Debug|Any CPU.Build.0 = Debug|Any CPU
		{750A0BFD-7258-4B32-A4F9-60EEEB0BA64A}.Debug|Mixed Platforms.ActiveCfg = Debug|Any CPU
		{750A0BFD-7258-4B32-A4F9-60EEEB0BA64A}.Debug|Mixed Platforms.Build.0 = Debug|Any CPU
		{750A0BFD-7258-4B32-A4F9-60EEEB0BA64A}.Debug|x86.ActiveCfg = Debug|Any CPU
		{750A0BFD-7258-4B32-A4F9-60EEEB0BA64A}.Release|Any CPU.ActiveCfg = Release|Any CPU
		{750A0BFD-7258-4B32-A4F9-60EEEB0BA64A}.Release|Any CPU.Build.0 = Release|Any CPU
		{750A0BFD-7258-4B32-A4F9-60EEEB0BA64A}.Release|Mixed Platforms.ActiveCfg = Release|Any CPU
		{750A0BFD-7258-4B32-A4F9-60EEEB0BA64A}.Release|Mixed Platforms.Build.0 = Release|Any CPU
		{750A0BFD-7258-4B32-A4F9-60EEEB0BA64A}.Release|x86.ActiveCfg = Release|Any CPU
		{2D667F5B-F10D-44E2-93F6-DD555D9EE7DF}.Debug|Any CPU.ActiveCfg = Debug|Any CPU
		{2D667F5B-F10D-44E2-93F6-DD555D9EE7DF}.Debug|Any CPU.Build.0 = Debug|Any CPU
		{2D667F5B-F10D-44E2-93F6-DD555D9EE7DF}.Debug|Mixed Platforms.ActiveCfg = Debug|Any CPU
		{2D667F5B-F10D-44E2-93F6-DD555D9EE7DF}.Debug|Mixed Platforms.Build.0 = Debug|Any CPU
		{2D667F5B-F10D-44E2-93F6-DD555D9EE7DF}.Debug|x86.ActiveCfg = Debug|Any CPU
		{2D667F5B-F10D-44E2-93F6-DD555D9EE7DF}.Release|Any CPU.ActiveCfg = Release|Any CPU
		{2D667F5B-F10D-44E2-93F6-DD555D9EE7DF}.Release|Any CPU.Build.0 = Release|Any CPU
		{2D667F5B-F10D-44E2-93F6-DD555D9EE7DF}.Release|Mixed Platforms.ActiveCfg = Release|Any CPU
		{2D667F5B-F10D-44E2-93F6-DD555D9EE7DF}.Release|Mixed Platforms.Build.0 = Release|Any CPU
		{2D667F5B-F10D-44E2-93F6-DD555D9EE7DF}.Release|x86.ActiveCfg = Release|Any CPU
		{2A761C4F-00C2-45D5-B4CA-C41558CEB2DF}.Debug|Any CPU.ActiveCfg = Debug|Any CPU
		{2A761C4F-00C2-45D5-B4CA-C41558CEB2DF}.Debug|Any CPU.Build.0 = Debug|Any CPU
		{2A761C4F-00C2-45D5-B4CA-C41558CEB2DF}.Debug|Mixed Platforms.ActiveCfg = Debug|Any CPU
		{2A761C4F-00C2-45D5-B4CA-C41558CEB2DF}.Debug|Mixed Platforms.Build.0 = Debug|Any CPU
		{2A761C4F-00C2-45D5-B4CA-C41558CEB2DF}.Debug|x86.ActiveCfg = Debug|Any CPU
		{2A761C4F-00C2-45D5-B4CA-C41558CEB2DF}.Release|Any CPU.ActiveCfg = Release|Any CPU
		{2A761C4F-00C2-45D5-B4CA-C41558CEB2DF}.Release|Any CPU.Build.0 = Release|Any CPU
		{2A761C4F-00C2-45D5-B4CA-C41558CEB2DF}.Release|Mixed Platforms.ActiveCfg = Release|Any CPU
		{2A761C4F-00C2-45D5-B4CA-C41558CEB2DF}.Release|Mixed Platforms.Build.0 = Release|Any CPU
		{2A761C4F-00C2-45D5-B4CA-C41558CEB2DF}.Release|x86.ActiveCfg = Release|Any CPU
		{99FCBB1C-D94F-458D-ABD2-8800FBDC65DA}.Debug|Any CPU.ActiveCfg = Debug|Any CPU
		{99FCBB1C-D94F-458D-ABD2-8800FBDC65DA}.Debug|Any CPU.Build.0 = Debug|Any CPU
		{99FCBB1C-D94F-458D-ABD2-8800FBDC65DA}.Debug|Mixed Platforms.ActiveCfg = Debug|Any CPU
		{99FCBB1C-D94F-458D-ABD2-8800FBDC65DA}.Debug|Mixed Platforms.Build.0 = Debug|Any CPU
		{99FCBB1C-D94F-458D-ABD2-8800FBDC65DA}.Debug|x86.ActiveCfg = Debug|Any CPU
		{99FCBB1C-D94F-458D-ABD2-8800FBDC65DA}.Release|Any CPU.ActiveCfg = Release|Any CPU
		{99FCBB1C-D94F-458D-ABD2-8800FBDC65DA}.Release|Any CPU.Build.0 = Release|Any CPU
		{99FCBB1C-D94F-458D-ABD2-8800FBDC65DA}.Release|Mixed Platforms.ActiveCfg = Release|Any CPU
		{99FCBB1C-D94F-458D-ABD2-8800FBDC65DA}.Release|Mixed Platforms.Build.0 = Release|Any CPU
		{99FCBB1C-D94F-458D-ABD2-8800FBDC65DA}.Release|x86.ActiveCfg = Release|Any CPU
		{3DE4D97F-57A8-4324-B5B8-164B45E2DF9A}.Debug|Any CPU.ActiveCfg = Debug|Any CPU
		{3DE4D97F-57A8-4324-B5B8-164B45E2DF9A}.Debug|Any CPU.Build.0 = Debug|Any CPU
		{3DE4D97F-57A8-4324-B5B8-164B45E2DF9A}.Debug|Mixed Platforms.ActiveCfg = Debug|Any CPU
		{3DE4D97F-57A8-4324-B5B8-164B45E2DF9A}.Debug|Mixed Platforms.Build.0 = Debug|Any CPU
		{3DE4D97F-57A8-4324-B5B8-164B45E2DF9A}.Debug|x86.ActiveCfg = Debug|Any CPU
		{3DE4D97F-57A8-4324-B5B8-164B45E2DF9A}.Release|Any CPU.ActiveCfg = Release|Any CPU
		{3DE4D97F-57A8-4324-B5B8-164B45E2DF9A}.Release|Any CPU.Build.0 = Release|Any CPU
		{3DE4D97F-57A8-4324-B5B8-164B45E2DF9A}.Release|Mixed Platforms.ActiveCfg = Release|Any CPU
		{3DE4D97F-57A8-4324-B5B8-164B45E2DF9A}.Release|Mixed Platforms.Build.0 = Release|Any CPU
		{3DE4D97F-57A8-4324-B5B8-164B45E2DF9A}.Release|x86.ActiveCfg = Release|Any CPU
	EndGlobalSection
	GlobalSection(SolutionProperties) = preSolution
		HideSolutionNode = FALSE
	EndGlobalSection
EndGlobal
